
Microsoft Visual Studio Solution File, Format Version 12.00
Project("{FAE04EC0-301F-11D3-BF4B-00C04F79EFBC}") = "DuckSoup", "DuckSoup\DuckSoup.csproj", "{45D6482F-5EB6-498B-9B64-FE4A7D2164E5}"
EndProject
Project("{FAE04EC0-301F-11D3-BF4B-00C04F79EFBC}") = "SilkroadSecurityAPI", "SilkroadSecurityAPI\SilkroadSecurityAPI.csproj", "{828F06B4-FEB7-4A5C-9402-BA9F4B2B9345}"
EndProject
Project("{FAE04EC0-301F-11D3-BF4B-00C04F79EFBC}") = "PacketLibrary", "PacketLibrary\PacketLibrary.csproj", "{5508BB75-B21C-44A7-9A66-631883595BBF}"
EndProject
Project("{FAE04EC0-301F-11D3-BF4B-00C04F79EFBC}") = "API", "API\API.csproj", "{5C61BC65-1F15-4B59-9527-5ECD7960B655}"
EndProject
Project("{FAE04EC0-301F-11D3-BF4B-00C04F79EFBC}") = "Plugin.AutoNotice", "Plugin.AutoNotice\Plugin.AutoNotice.csproj", "{8663F38F-BE24-42FA-A3D6-CFE214816D7D}"
EndProject
Project("{FAE04EC0-301F-11D3-BF4B-00C04F79EFBC}") = "Plugin.ReplaceCaptcha", "Plugin.ReplaceCaptcha\Plugin.ReplaceCaptcha.csproj", "{301075D4-6F98-4878-87C9-F30CA139A3E3}"
EndProject
Project("{FAE04EC0-301F-11D3-BF4B-00C04F79EFBC}") = "Plugin.DatabaseCommands", "Plugin.DatabaseCommands\Plugin.DatabaseCommands.csproj", "{44668C59-C30E-4CAC-BAA9-D90E376EDEB4}"
EndProject
Project("{FAE04EC0-301F-11D3-BF4B-00C04F79EFBC}") = "Event.Example", "Event.Example\Event.Example.csproj", "{6D865A33-180F-4D71-9A39-34F37D87DC44}"
EndProject
Global
	GlobalSection(SolutionConfigurationPlatforms) = preSolution
		Debug|Any CPU = Debug|Any CPU
		Release|Any CPU = Release|Any CPU
	EndGlobalSection
	GlobalSection(ProjectConfigurationPlatforms) = postSolution
		{45D6482F-5EB6-498B-9B64-FE4A7D2164E5}.Debug|Any CPU.ActiveCfg = Debug|Any CPU
		{45D6482F-5EB6-498B-9B64-FE4A7D2164E5}.Debug|Any CPU.Build.0 = Debug|Any CPU
		{45D6482F-5EB6-498B-9B64-FE4A7D2164E5}.Release|Any CPU.ActiveCfg = Release|Any CPU
		{45D6482F-5EB6-498B-9B64-FE4A7D2164E5}.Release|Any CPU.Build.0 = Release|Any CPU
		{828F06B4-FEB7-4A5C-9402-BA9F4B2B9345}.Debug|Any CPU.ActiveCfg = Debug|Any CPU
		{828F06B4-FEB7-4A5C-9402-BA9F4B2B9345}.Debug|Any CPU.Build.0 = Debug|Any CPU
		{828F06B4-FEB7-4A5C-9402-BA9F4B2B9345}.Release|Any CPU.ActiveCfg = Release|Any CPU
		{828F06B4-FEB7-4A5C-9402-BA9F4B2B9345}.Release|Any CPU.Build.0 = Release|Any CPU
		{5508BB75-B21C-44A7-9A66-631883595BBF}.Debug|Any CPU.ActiveCfg = Debug|Any CPU
		{5508BB75-B21C-44A7-9A66-631883595BBF}.Debug|Any CPU.Build.0 = Debug|Any CPU
		{5508BB75-B21C-44A7-9A66-631883595BBF}.Release|Any CPU.ActiveCfg = Release|Any CPU
		{5508BB75-B21C-44A7-9A66-631883595BBF}.Release|Any CPU.Build.0 = Release|Any CPU
		{5C61BC65-1F15-4B59-9527-5ECD7960B655}.Debug|Any CPU.ActiveCfg = Debug|Any CPU
		{5C61BC65-1F15-4B59-9527-5ECD7960B655}.Debug|Any CPU.Build.0 = Debug|Any CPU
		{5C61BC65-1F15-4B59-9527-5ECD7960B655}.Release|Any CPU.ActiveCfg = Release|Any CPU
		{5C61BC65-1F15-4B59-9527-5ECD7960B655}.Release|Any CPU.Build.0 = Release|Any CPU
		{8663F38F-BE24-42FA-A3D6-CFE214816D7D}.Debug|Any CPU.ActiveCfg = Debug|Any CPU
		{8663F38F-BE24-42FA-A3D6-CFE214816D7D}.Debug|Any CPU.Build.0 = Debug|Any CPU
		{8663F38F-BE24-42FA-A3D6-CFE214816D7D}.Release|Any CPU.ActiveCfg = Release|Any CPU
		{8663F38F-BE24-42FA-A3D6-CFE214816D7D}.Release|Any CPU.Build.0 = Release|Any CPU
		{301075D4-6F98-4878-87C9-F30CA139A3E3}.Debug|Any CPU.ActiveCfg = Debug|Any CPU
		{301075D4-6F98-4878-87C9-F30CA139A3E3}.Debug|Any CPU.Build.0 = Debug|Any CPU
		{301075D4-6F98-4878-87C9-F30CA139A3E3}.Release|Any CPU.ActiveCfg = Release|Any CPU
		{301075D4-6F98-4878-87C9-F30CA139A3E3}.Release|Any CPU.Build.0 = Release|Any CPU
		{44668C59-C30E-4CAC-BAA9-D90E376EDEB4}.Debug|Any CPU.ActiveCfg = Debug|Any CPU
		{44668C59-C30E-4CAC-BAA9-D90E376EDEB4}.Debug|Any CPU.Build.0 = Debug|Any CPU
		{44668C59-C30E-4CAC-BAA9-D90E376EDEB4}.Release|Any CPU.ActiveCfg = Release|Any CPU
		{44668C59-C30E-4CAC-BAA9-D90E376EDEB4}.Release|Any CPU.Build.0 = Release|Any CPU
		{6D865A33-180F-4D71-9A39-34F37D87DC44}.Debug|Any CPU.ActiveCfg = Debug|Any CPU
		{6D865A33-180F-4D71-9A39-34F37D87DC44}.Debug|Any CPU.Build.0 = Debug|Any CPU
		{6D865A33-180F-4D71-9A39-34F37D87DC44}.Release|Any CPU.ActiveCfg = Release|Any CPU
		{6D865A33-180F-4D71-9A39-34F37D87DC44}.Release|Any CPU.Build.0 = Release|Any CPU
	EndGlobalSection
EndGlobal
